Microsoft Visual Studio Solution File, Format Version 12.00
# Visual Studio Version 17
VisualStudioVersion = 17.5.2.0
MinimumVisualStudioVersion = 10.0.40219.1
Project("{FAE04EC0-301F-11D3-BF4B-00C04F79EFBC}") = "AstreaXMVCInterviewAssignment", "AstreaXMVCInterviewAssignment.csproj", "{3098C069-057A-D62D-1F63-4923CFC99E1D}"
EndProject
Global
	GlobalSection(SolutionConfigurationPlatforms) = preSolution
		Debug|Any CPU = Debug|Any CPU
		Release|Any CPU = Release|Any CPU
	EndGlobalSection
	GlobalSection(ProjectConfigurationPlatforms) = postSolution
		{3098C069-057A-D62D-1F63-4923CFC99E1D}.Debug|Any CPU.ActiveCfg = Debug|Any CPU
		{3098C069-057A-D62D-1F63-4923CFC99E1D}.Debug|Any CPU.Build.0 = Debug|Any CPU
		{3098C069-057A-D62D-1F63-4923CFC99E1D}.Release|Any CPU.ActiveCfg = Release|Any CPU
		{3098C069-057A-D62D-1F63-4923CFC99E1D}.Release|Any CPU.Build.0 = Release|Any CPU
	EndGlobalSection
	GlobalSection(SolutionProperties) = preSolution
		HideSolutionNode = FALSE
	EndGlobalSection
	GlobalSection(ExtensibilityGlobals) = postSolution
		SolutionGuid = {C53C6C3B-5D18-4408-AD16-1FF483C00635}
	EndGlobalSection
EndGlobal
